
Microsoft Visual Studio Solution File, Format Version 11.00
# Visual Studio 2010
Project("{FAE04EC0-301F-11D3-BF4B-00C04F79EFBC}") = "moleQule.Face.Application", "moleQule.Application\Face\moleQule.Face.Application.csproj", "{CE1D5AAA-9D0E-4AD8-B3F5-1080C420975F}"
	ProjectSection(ProjectDependencies) = postProject
		{21555E27-D97A-42D6-82C8-D61080DD40C1} = {21555E27-D97A-42D6-82C8-D61080DD40C1}
	EndProjectSection
EndProject
Project("{FAE04EC0-301F-11D3-BF4B-00C04F79EFBC}") = "moleQule.Library.Application", "moleQule.Application\Library\moleQule.Library.Application.csproj", "{21555E27-D97A-42D6-82C8-D61080DD40C1}"
EndProject
Project("{FAE04EC0-301F-11D3-BF4B-00C04F79EFBC}") = "moleQule.Library.Instruction", "..\..\moleQule.Instruction\code\Library\moleQule.Library.Instruction.csproj", "{3EDEBFF9-FDE9-41B3-BD6A-E53653DBFAEC}"
EndProject
Project("{FAE04EC0-301F-11D3-BF4B-00C04F79EFBC}") = "moleQule.Face.Instruction", "..\..\moleQule.Instruction\code\Face\moleQule.Face.Instruction.csproj", "{4F2AB1C3-E192-4F5D-B6AB-1E3B92D72408}"
EndProject
Project("{FAE04EC0-301F-11D3-BF4B-00C04F79EFBC}") = "moleQule.Library", "..\..\moleQule\moleQule.Library\moleQule.Library.csproj", "{64158698-9657-44B3-ABF6-B69DAB6774C0}"
EndProject
Project("{FAE04EC0-301F-11D3-BF4B-00C04F79EFBC}") = "moleQule.Face", "..\..\moleQule\moleQule.Face\moleQule.Face.csproj", "{0E6AC892-4ABD-40EC-A08B-8413303526E9}"
EndProject
Project("{FAE04EC0-301F-11D3-BF4B-00C04F79EFBC}") = "moleQule.Library.Common", "..\..\moleQule\moleQule.Common\code\Library\moleQule.Library.Common.csproj", "{BB5E684D-D75B-468B-A450-049A2F348A4D}"
EndProject
Project("{FAE04EC0-301F-11D3-BF4B-00C04F79EFBC}") = "moleQule.Face.Common", "..\..\moleQule\moleQule.Common\code\Face\moleQule.Face.Common.csproj", "{415C60B4-4A22-4E61-8854-201580A4974C}"
EndProject
Project("{FAE04EC0-301F-11D3-BF4B-00C04F79EFBC}") = "moleQule.Library.Hipatia", "..\..\Hipatia\Code\Library\moleQule.Library.Hipatia.csproj", "{C6F205BE-C015-44D0-8E30-39488205FFD8}"
EndProject
Project("{FAE04EC0-301F-11D3-BF4B-00C04F79EFBC}") = "moleQule.Face.Hipatia", "..\..\Hipatia\Code\Face\moleQule.Face.Hipatia.csproj", "{90F88AE3-E1A5-4386-9B78-AF718298658C}"
EndProject
Global
	GlobalSection(SolutionConfigurationPlatforms) = preSolution
		Debug|Any CPU = Debug|Any CPU
		Debug|Mixed Platforms = Debug|Mixed Platforms
		Debug|x64 = Debug|x64
		Debug|x86 = Debug|x86
		Demo|Any CPU = Demo|Any CPU
		Demo|Mixed Platforms = Demo|Mixed Platforms
		Demo|x64 = Demo|x64
		Demo|x86 = Demo|x86
		Dev2|Any CPU = Dev2|Any CPU
		Dev2|Mixed Platforms = Dev2|Mixed Platforms
		Dev2|x64 = Dev2|x64
		Dev2|x86 = Dev2|x86
		Dev4|Any CPU = Dev4|Any CPU
		Dev4|Mixed Platforms = Dev4|Mixed Platforms
		Dev4|x64 = Dev4|x64
		Dev4|x86 = Dev4|x86
		Develop|Any CPU = Develop|Any CPU
		Develop|Mixed Platforms = Develop|Mixed Platforms
		Develop|x64 = Develop|x64
		Develop|x86 = Develop|x86
		Release|Any CPU = Release|Any CPU
		Release|Mixed Platforms = Release|Mixed Platforms
		Release|x64 = Release|x64
		Release|x86 = Release|x86
		Staging|Any CPU = Staging|Any CPU
		Staging|Mixed Platforms = Staging|Mixed Platforms
		Staging|x64 = Staging|x64
		Staging|x86 = Staging|x86
	EndGlobalSection
	GlobalSection(ProjectConfigurationPlatforms) = postSolution
		{CE1D5AAA-9D0E-4AD8-B3F5-1080C420975F}.Debug|Any CPU.ActiveCfg = Debug|Any CPU
		{CE1D5AAA-9D0E-4AD8-B3F5-1080C420975F}.Debug|Any CPU.Build.0 = Debug|Any CPU
		{CE1D5AAA-9D0E-4AD8-B3F5-1080C420975F}.Debug|Mixed Platforms.ActiveCfg = Debug|Any CPU
		{CE1D5AAA-9D0E-4AD8-B3F5-1080C420975F}.Debug|Mixed Platforms.Build.0 = Debug|Any CPU
		{CE1D5AAA-9D0E-4AD8-B3F5-1080C420975F}.Debug|x64.ActiveCfg = Debug|Any CPU
		{CE1D5AAA-9D0E-4AD8-B3F5-1080C420975F}.Debug|x86.ActiveCfg = Debug|Any CPU
		{CE1D5AAA-9D0E-4AD8-B3F5-1080C420975F}.Demo|Any CPU.ActiveCfg = Debug|Any CPU
		{CE1D5AAA-9D0E-4AD8-B3F5-1080C420975F}.Demo|Any CPU.Build.0 = Debug|Any CPU
		{CE1D5AAA-9D0E-4AD8-B3F5-1080C420975F}.Demo|Mixed Platforms.ActiveCfg = Debug|Any CPU
		{CE1D5AAA-9D0E-4AD8-B3F5-1080C420975F}.Demo|Mixed Platforms.Build.0 = Debug|Any CPU
		{CE1D5AAA-9D0E-4AD8-B3F5-1080C420975F}.Demo|x64.ActiveCfg = Debug|Any CPU
		{CE1D5AAA-9D0E-4AD8-B3F5-1080C420975F}.Demo|x86.ActiveCfg = Debug|Any CPU
		{CE1D5AAA-9D0E-4AD8-B3F5-1080C420975F}.Dev2|Any CPU.ActiveCfg = Debug|Any CPU
		{CE1D5AAA-9D0E-4AD8-B3F5-1080C420975F}.Dev2|Any CPU.Build.0 = Debug|Any CPU
		{CE1D5AAA-9D0E-4AD8-B3F5-1080C420975F}.Dev2|Mixed Platforms.ActiveCfg = Debug|Any CPU
		{CE1D5AAA-9D0E-4AD8-B3F5-1080C420975F}.Dev2|Mixed Platforms.Build.0 = Debug|Any CPU
		{CE1D5AAA-9D0E-4AD8-B3F5-1080C420975F}.Dev2|x64.ActiveCfg = Debug|Any CPU
		{CE1D5AAA-9D0E-4AD8-B3F5-1080C420975F}.Dev2|x86.ActiveCfg = Debug|Any CPU
		{CE1D5AAA-9D0E-4AD8-B3F5-1080C420975F}.Dev4|Any CPU.ActiveCfg = Debug|Any CPU
		{CE1D5AAA-9D0E-4AD8-B3F5-1080C420975F}.Dev4|Any CPU.Build.0 = Debug|Any CPU
		{CE1D5AAA-9D0E-4AD8-B3F5-1080C420975F}.Dev4|Mixed Platforms.ActiveCfg = Debug|Any CPU
		{CE1D5AAA-9D0E-4AD8-B3F5-1080C420975F}.Dev4|Mixed Platforms.Build.0 = Debug|Any CPU
		{CE1D5AAA-9D0E-4AD8-B3F5-1080C420975F}.Dev4|x64.ActiveCfg = Debug|Any CPU
		{CE1D5AAA-9D0E-4AD8-B3F5-1080C420975F}.Dev4|x86.ActiveCfg = Debug|Any CPU
		{CE1D5AAA-9D0E-4AD8-B3F5-1080C420975F}.Develop|Any CPU.ActiveCfg = Debug|Any CPU
		{CE1D5AAA-9D0E-4AD8-B3F5-1080C420975F}.Develop|Any CPU.Build.0 = Debug|Any CPU
		{CE1D5AAA-9D0E-4AD8-B3F5-1080C420975F}.Develop|Mixed Platforms.ActiveCfg = Debug|Any CPU
		{CE1D5AAA-9D0E-4AD8-B3F5-1080C420975F}.Develop|Mixed Platforms.Build.0 = Debug|Any CPU
		{CE1D5AAA-9D0E-4AD8-B3F5-1080C420975F}.Develop|x64.ActiveCfg = Debug|Any CPU
		{CE1D5AAA-9D0E-4AD8-B3F5-1080C420975F}.Develop|x86.ActiveCfg = Debug|Any CPU
		{CE1D5AAA-9D0E-4AD8-B3F5-1080C420975F}.Release|Any CPU.ActiveCfg = Release|Any CPU
		{CE1D5AAA-9D0E-4AD8-B3F5-1080C420975F}.Release|Any CPU.Build.0 = Release|Any CPU
		{CE1D5AAA-9D0E-4AD8-B3F5-1080C420975F}.Release|Mixed Platforms.ActiveCfg = Release|Any CPU
		{CE1D5AAA-9D0E-4AD8-B3F5-1080C420975F}.Release|Mixed Platforms.Build.0 = Release|Any CPU
		{CE1D5AAA-9D0E-4AD8-B3F5-1080C420975F}.Release|x64.ActiveCfg = Release|Any CPU
		{CE1D5AAA-9D0E-4AD8-B3F5-1080C420975F}.Release|x86.ActiveCfg = Release|Any CPU
		{CE1D5AAA-9D0E-4AD8-B3F5-1080C420975F}.Staging|Any CPU.ActiveCfg = Staging|Any CPU
		{CE1D5AAA-9D0E-4AD8-B3F5-1080C420975F}.Staging|Any CPU.Build.0 = Staging|Any CPU
		{CE1D5AAA-9D0E-4AD8-B3F5-1080C420975F}.Staging|Mixed Platforms.ActiveCfg = Preproduccion|Any CPU
		{CE1D5AAA-9D0E-4AD8-B3F5-1080C420975F}.Staging|Mixed Platforms.Build.0 = Preproduccion|Any CPU
		{CE1D5AAA-9D0E-4AD8-B3F5-1080C420975F}.Staging|x64.ActiveCfg = Preproduccion|Any CPU
		{CE1D5AAA-9D0E-4AD8-B3F5-1080C420975F}.Staging|x86.ActiveCfg = Preproduccion|Any CPU
		{21555E27-D97A-42D6-82C8-D61080DD40C1}.Debug|Any CPU.ActiveCfg = Debug|Any CPU
		{21555E27-D97A-42D6-82C8-D61080DD40C1}.Debug|Any CPU.Build.0 = Debug|Any CPU
		{21555E27-D97A-42D6-82C8-D61080DD40C1}.Debug|Mixed Platforms.ActiveCfg = Debug|Any CPU
		{21555E27-D97A-42D6-82C8-D61080DD40C1}.Debug|Mixed Platforms.Build.0 = Debug|Any CPU
		{21555E27-D97A-42D6-82C8-D61080DD40C1}.Debug|x64.ActiveCfg = Debug|Any CPU
		{21555E27-D97A-42D6-82C8-D61080DD40C1}.Debug|x86.ActiveCfg = Debug|Any CPU
		{21555E27-D97A-42D6-82C8-D61080DD40C1}.Demo|Any CPU.ActiveCfg = Debug|Any CPU
		{21555E27-D97A-42D6-82C8-D61080DD40C1}.Demo|Any CPU.Build.0 = Debug|Any CPU
		{21555E27-D97A-42D6-82C8-D61080DD40C1}.Demo|Mixed Platforms.ActiveCfg = Debug|Any CPU
		{21555E27-D97A-42D6-82C8-D61080DD40C1}.Demo|Mixed Platforms.Build.0 = Debug|Any CPU
		{21555E27-D97A-42D6-82C8-D61080DD40C1}.Demo|x64.ActiveCfg = Debug|Any CPU
		{21555E27-D97A-42D6-82C8-D61080DD40C1}.Demo|x86.ActiveCfg = Debug|Any CPU
		{21555E27-D97A-42D6-82C8-D61080DD40C1}.Dev2|Any CPU.ActiveCfg = Debug|Any CPU
		{21555E27-D97A-42D6-82C8-D61080DD40C1}.Dev2|Any CPU.Build.0 = Debug|Any CPU
		{21555E27-D97A-42D6-82C8-D61080DD40C1}.Dev2|Mixed Platforms.ActiveCfg = Debug|Any CPU
		{21555E27-D97A-42D6-82C8-D61080DD40C1}.Dev2|Mixed Platforms.Build.0 = Debug|Any CPU
		{21555E27-D97A-42D6-82C8-D61080DD40C1}.Dev2|x64.ActiveCfg = Debug|Any CPU
		{21555E27-D97A-42D6-82C8-D61080DD40C1}.Dev2|x86.ActiveCfg = Debug|Any CPU
		{21555E27-D97A-42D6-82C8-D61080DD40C1}.Dev4|Any CPU.ActiveCfg = Debug|Any CPU
		{21555E27-D97A-42D6-82C8-D61080DD40C1}.Dev4|Any CPU.Build.0 = Debug|Any CPU
		{21555E27-D97A-42D6-82C8-D61080DD40C1}.Dev4|Mixed Platforms.ActiveCfg = Debug|Any CPU
		{21555E27-D97A-42D6-82C8-D61080DD40C1}.Dev4|Mixed Platforms.Build.0 = Debug|Any CPU
		{21555E27-D97A-42D6-82C8-D61080DD40C1}.Dev4|x64.ActiveCfg = Debug|Any CPU
		{21555E27-D97A-42D6-82C8-D61080DD40C1}.Dev4|x86.ActiveCfg = Debug|Any CPU
		{21555E27-D97A-42D6-82C8-D61080DD40C1}.Develop|Any CPU.ActiveCfg = Debug|Any CPU
		{21555E27-D97A-42D6-82C8-D61080DD40C1}.Develop|Any CPU.Build.0 = Debug|Any CPU
		{21555E27-D97A-42D6-82C8-D61080DD40C1}.Develop|Mixed Platforms.ActiveCfg = Debug|Any CPU
		{21555E27-D97A-42D6-82C8-D61080DD40C1}.Develop|Mixed Platforms.Build.0 = Debug|Any CPU
		{21555E27-D97A-42D6-82C8-D61080DD40C1}.Develop|x64.ActiveCfg = Debug|Any CPU
		{21555E27-D97A-42D6-82C8-D61080DD40C1}.Develop|x86.ActiveCfg = Debug|Any CPU
		{21555E27-D97A-42D6-82C8-D61080DD40C1}.Release|Any CPU.ActiveCfg = Release|Any CPU
		{21555E27-D97A-42D6-82C8-D61080DD40C1}.Release|Any CPU.Build.0 = Release|Any CPU
		{21555E27-D97A-42D6-82C8-D61080DD40C1}.Release|Mixed Platforms.ActiveCfg = Release|Any CPU
		{21555E27-D97A-42D6-82C8-D61080DD40C1}.Release|Mixed Platforms.Build.0 = Release|Any CPU
		{21555E27-D97A-42D6-82C8-D61080DD40C1}.Release|x64.ActiveCfg = Release|Any CPU
		{21555E27-D97A-42D6-82C8-D61080DD40C1}.Release|x86.ActiveCfg = Release|Any CPU
		{21555E27-D97A-42D6-82C8-D61080DD40C1}.Staging|Any CPU.ActiveCfg = Staging|Any CPU
		{21555E27-D97A-42D6-82C8-D61080DD40C1}.Staging|Any CPU.Build.0 = Staging|Any CPU
		{21555E27-D97A-42D6-82C8-D61080DD40C1}.Staging|Mixed Platforms.ActiveCfg = Preproduccion|Any CPU
		{21555E27-D97A-42D6-82C8-D61080DD40C1}.Staging|Mixed Platforms.Build.0 = Preproduccion|Any CPU
		{21555E27-D97A-42D6-82C8-D61080DD40C1}.Staging|x64.ActiveCfg = Preproduccion|Any CPU
		{21555E27-D97A-42D6-82C8-D61080DD40C1}.Staging|x86.ActiveCfg = Preproduccion|Any CPU
		{3EDEBFF9-FDE9-41B3-BD6A-E53653DBFAEC}.Debug|Any CPU.ActiveCfg = Debug|Any CPU
		{3EDEBFF9-FDE9-41B3-BD6A-E53653DBFAEC}.Debug|Any CPU.Build.0 = Debug|Any CPU
		{3EDEBFF9-FDE9-41B3-BD6A-E53653DBFAEC}.Debug|Mixed Platforms.ActiveCfg = Debug|Any CPU
		{3EDEBFF9-FDE9-41B3-BD6A-E53653DBFAEC}.Debug|Mixed Platforms.Build.0 = Debug|Any CPU
		{3EDEBFF9-FDE9-41B3-BD6A-E53653DBFAEC}.Debug|x64.ActiveCfg = Debug|Any CPU
		{3EDEBFF9-FDE9-41B3-BD6A-E53653DBFAEC}.Debug|x86.ActiveCfg = Debug|Any CPU
		{3EDEBFF9-FDE9-41B3-BD6A-E53653DBFAEC}.Demo|Any CPU.ActiveCfg = Debug|Any CPU
		{3EDEBFF9-FDE9-41B3-BD6A-E53653DBFAEC}.Demo|Any CPU.Build.0 = Debug|Any CPU
		{3EDEBFF9-FDE9-41B3-BD6A-E53653DBFAEC}.Demo|Mixed Platforms.ActiveCfg = Debug|Any CPU
		{3EDEBFF9-FDE9-41B3-BD6A-E53653DBFAEC}.Demo|Mixed Platforms.Build.0 = Debug|Any CPU
		{3EDEBFF9-FDE9-41B3-BD6A-E53653DBFAEC}.Demo|x64.ActiveCfg = Debug|Any CPU
		{3EDEBFF9-FDE9-41B3-BD6A-E53653DBFAEC}.Demo|x86.ActiveCfg = Debug|Any CPU
		{3EDEBFF9-FDE9-41B3-BD6A-E53653DBFAEC}.Dev2|Any CPU.ActiveCfg = Debug|Any CPU
		{3EDEBFF9-FDE9-41B3-BD6A-E53653DBFAEC}.Dev2|Any CPU.Build.0 = Debug|Any CPU
		{3EDEBFF9-FDE9-41B3-BD6A-E53653DBFAEC}.Dev2|Mixed Platforms.ActiveCfg = Debug|Any CPU
		{3EDEBFF9-FDE9-41B3-BD6A-E53653DBFAEC}.Dev2|Mixed Platforms.Build.0 = Debug|Any CPU
		{3EDEBFF9-FDE9-41B3-BD6A-E53653DBFAEC}.Dev2|x64.ActiveCfg = Debug|Any CPU
		{3EDEBFF9-FDE9-41B3-BD6A-E53653DBFAEC}.Dev2|x86.ActiveCfg = Debug|Any CPU
		{3EDEBFF9-FDE9-41B3-BD6A-E53653DBFAEC}.Dev4|Any CPU.ActiveCfg = Debug|Any CPU
		{3EDEBFF9-FDE9-41B3-BD6A-E53653DBFAEC}.Dev4|Any CPU.Build.0 = Debug|Any CPU
		{3EDEBFF9-FDE9-41B3-BD6A-E53653DBFAEC}.Dev4|Mixed Platforms.ActiveCfg = Debug|Any CPU
		{3EDEBFF9-FDE9-41B3-BD6A-E53653DBFAEC}.Dev4|Mixed Platforms.Build.0 = Debug|Any CPU
		{3EDEBFF9-FDE9-41B3-BD6A-E53653DBFAEC}.Dev4|x64.ActiveCfg = Debug|Any CPU
		{3EDEBFF9-FDE9-41B3-BD6A-E53653DBFAEC}.Dev4|x86.ActiveCfg = Debug|Any CPU
		{3EDEBFF9-FDE9-41B3-BD6A-E53653DBFAEC}.Develop|Any CPU.ActiveCfg = Debug|Any CPU
		{3EDEBFF9-FDE9-41B3-BD6A-E53653DBFAEC}.Develop|Any CPU.Build.0 = Debug|Any CPU
		{3EDEBFF9-FDE9-41B3-BD6A-E53653DBFAEC}.Develop|Mixed Platforms.ActiveCfg = Debug|Any CPU
		{3EDEBFF9-FDE9-41B3-BD6A-E53653DBFAEC}.Develop|Mixed Platforms.Build.0 = Debug|Any CPU
		{3EDEBFF9-FDE9-41B3-BD6A-E53653DBFAEC}.Develop|x64.ActiveCfg = Debug|Any CPU
		{3EDEBFF9-FDE9-41B3-BD6A-E53653DBFAEC}.Develop|x86.ActiveCfg = Debug|Any CPU
		{3EDEBFF9-FDE9-41B3-BD6A-E53653DBFAEC}.Release|Any CPU.ActiveCfg = Release|Any CPU
		{3EDEBFF9-FDE9-41B3-BD6A-E53653DBFAEC}.Release|Any CPU.Build.0 = Release|Any CPU
		{3EDEBFF9-FDE9-41B3-BD6A-E53653DBFAEC}.Release|Mixed Platforms.ActiveCfg = Release|Any CPU
		{3EDEBFF9-FDE9-41B3-BD6A-E53653DBFAEC}.Release|Mixed Platforms.Build.0 = Release|Any CPU
		{3EDEBFF9-FDE9-41B3-BD6A-E53653DBFAEC}.Release|x64.ActiveCfg = Release|Any CPU
		{3EDEBFF9-FDE9-41B3-BD6A-E53653DBFAEC}.Release|x86.ActiveCfg = Release|Any CPU
		{3EDEBFF9-FDE9-41B3-BD6A-E53653DBFAEC}.Staging|Any CPU.ActiveCfg = Release|Any CPU
		{3EDEBFF9-FDE9-41B3-BD6A-E53653DBFAEC}.Staging|Any CPU.Build.0 = Release|Any CPU
		{3EDEBFF9-FDE9-41B3-BD6A-E53653DBFAEC}.Staging|Mixed Platforms.ActiveCfg = Release|Any CPU
		{3EDEBFF9-FDE9-41B3-BD6A-E53653DBFAEC}.Staging|Mixed Platforms.Build.0 = Release|Any CPU
		{3EDEBFF9-FDE9-41B3-BD6A-E53653DBFAEC}.Staging|x64.ActiveCfg = Release|Any CPU
		{3EDEBFF9-FDE9-41B3-BD6A-E53653DBFAEC}.Staging|x86.ActiveCfg = Release|Any CPU
		{4F2AB1C3-E192-4F5D-B6AB-1E3B92D72408}.Debug|Any CPU.ActiveCfg = Debug|Any CPU
		{4F2AB1C3-E192-4F5D-B6AB-1E3B92D72408}.Debug|Any CPU.Build.0 = Debug|Any CPU
		{4F2AB1C3-E192-4F5D-B6AB-1E3B92D72408}.Debug|Mixed Platforms.ActiveCfg = Debug|Any CPU
		{4F2AB1C3-E192-4F5D-B6AB-1E3B92D72408}.Debug|Mixed Platforms.Build.0 = Debug|Any CPU
		{4F2AB1C3-E192-4F5D-B6AB-1E3B92D72408}.Debug|x64.ActiveCfg = Debug|Any CPU
		{4F2AB1C3-E192-4F5D-B6AB-1E3B92D72408}.Debug|x86.ActiveCfg = Debug|Any CPU
		{4F2AB1C3-E192-4F5D-B6AB-1E3B92D72408}.Demo|Any CPU.ActiveCfg = Debug|Any CPU
		{4F2AB1C3-E192-4F5D-B6AB-1E3B92D72408}.Demo|Any CPU.Build.0 = Debug|Any CPU
		{4F2AB1C3-E192-4F5D-B6AB-1E3B92D72408}.Demo|Mixed Platforms.ActiveCfg = Debug|Any CPU
		{4F2AB1C3-E192-4F5D-B6AB-1E3B92D72408}.Demo|Mixed Platforms.Build.0 = Debug|Any CPU
		{4F2AB1C3-E192-4F5D-B6AB-1E3B92D72408}.Demo|x64.ActiveCfg = Debug|Any CPU
		{4F2AB1C3-E192-4F5D-B6AB-1E3B92D72408}.Demo|x86.ActiveCfg = Debug|Any CPU
		{4F2AB1C3-E192-4F5D-B6AB-1E3B92D72408}.Dev2|Any CPU.ActiveCfg = Debug|Any CPU
		{4F2AB1C3-E192-4F5D-B6AB-1E3B92D72408}.Dev2|Any CPU.Build.0 = Debug|Any CPU
		{4F2AB1C3-E192-4F5D-B6AB-1E3B92D72408}.Dev2|Mixed Platforms.ActiveCfg = Debug|Any CPU
		{4F2AB1C3-E192-4F5D-B6AB-1E3B92D72408}.Dev2|Mixed Platforms.Build.0 = Debug|Any CPU
		{4F2AB1C3-E192-4F5D-B6AB-1E3B92D72408}.Dev2|x64.ActiveCfg = Debug|Any CPU
		{4F2AB1C3-E192-4F5D-B6AB-1E3B92D72408}.Dev2|x86.ActiveCfg = Debug|Any CPU
		{4F2AB1C3-E192-4F5D-B6AB-1E3B92D72408}.Dev4|Any CPU.ActiveCfg = Debug|Any CPU
		{4F2AB1C3-E192-4F5D-B6AB-1E3B92D72408}.Dev4|Any CPU.Build.0 = Debug|Any CPU
		{4F2AB1C3-E192-4F5D-B6AB-1E3B92D72408}.Dev4|Mixed Platforms.ActiveCfg = Debug|Any CPU
		{4F2AB1C3-E192-4F5D-B6AB-1E3B92D72408}.Dev4|Mixed Platforms.Build.0 = Debug|Any CPU
		{4F2AB1C3-E192-4F5D-B6AB-1E3B92D72408}.Dev4|x64.ActiveCfg = Debug|Any CPU
		{4F2AB1C3-E192-4F5D-B6AB-1E3B92D72408}.Dev4|x86.ActiveCfg = Debug|Any CPU
		{4F2AB1C3-E192-4F5D-B6AB-1E3B92D72408}.Develop|Any CPU.ActiveCfg = Debug|Any CPU
		{4F2AB1C3-E192-4F5D-B6AB-1E3B92D72408}.Develop|Any CPU.Build.0 = Debug|Any CPU
		{4F2AB1C3-E192-4F5D-B6AB-1E3B92D72408}.Develop|Mixed Platforms.ActiveCfg = Debug|Any CPU
		{4F2AB1C3-E192-4F5D-B6AB-1E3B92D72408}.Develop|Mixed Platforms.Build.0 = Debug|Any CPU
		{4F2AB1C3-E192-4F5D-B6AB-1E3B92D72408}.Develop|x64.ActiveCfg = Debug|Any CPU
		{4F2AB1C3-E192-4F5D-B6AB-1E3B92D72408}.Develop|x86.ActiveCfg = Debug|Any CPU
		{4F2AB1C3-E192-4F5D-B6AB-1E3B92D72408}.Release|Any CPU.ActiveCfg = Release|Any CPU
		{4F2AB1C3-E192-4F5D-B6AB-1E3B92D72408}.Release|Any CPU.Build.0 = Release|Any CPU
		{4F2AB1C3-E192-4F5D-B6AB-1E3B92D72408}.Release|Mixed Platforms.ActiveCfg = Release|Any CPU
		{4F2AB1C3-E192-4F5D-B6AB-1E3B92D72408}.Release|Mixed Platforms.Build.0 = Release|Any CPU
		{4F2AB1C3-E192-4F5D-B6AB-1E3B92D72408}.Release|x64.ActiveCfg = Release|Any CPU
		{4F2AB1C3-E192-4F5D-B6AB-1E3B92D72408}.Release|x86.ActiveCfg = Release|Any CPU
		{4F2AB1C3-E192-4F5D-B6AB-1E3B92D72408}.Staging|Any CPU.ActiveCfg = Release|Any CPU
		{4F2AB1C3-E192-4F5D-B6AB-1E3B92D72408}.Staging|Any CPU.Build.0 = Release|Any CPU
		{4F2AB1C3-E192-4F5D-B6AB-1E3B92D72408}.Staging|Mixed Platforms.ActiveCfg = Release|Any CPU
		{4F2AB1C3-E192-4F5D-B6AB-1E3B92D72408}.Staging|Mixed Platforms.Build.0 = Release|Any CPU
		{4F2AB1C3-E192-4F5D-B6AB-1E3B92D72408}.Staging|x64.ActiveCfg = Release|Any CPU
		{4F2AB1C3-E192-4F5D-B6AB-1E3B92D72408}.Staging|x86.ActiveCfg = Release|Any CPU
		{64158698-9657-44B3-ABF6-B69DAB6774C0}.Debug|Any CPU.ActiveCfg = Debug|Any CPU
		{64158698-9657-44B3-ABF6-B69DAB6774C0}.Debug|Any CPU.Build.0 = Debug|Any CPU
		{64158698-9657-44B3-ABF6-B69DAB6774C0}.Debug|Mixed Platforms.ActiveCfg = Debug|x86
		{64158698-9657-44B3-ABF6-B69DAB6774C0}.Debug|Mixed Platforms.Build.0 = Debug|x86
		{64158698-9657-44B3-ABF6-B69DAB6774C0}.Debug|x64.ActiveCfg = Debug|x64
		{64158698-9657-44B3-ABF6-B69DAB6774C0}.Debug|x64.Build.0 = Debug|x64
		{64158698-9657-44B3-ABF6-B69DAB6774C0}.Debug|x86.ActiveCfg = Debug|x86
		{64158698-9657-44B3-ABF6-B69DAB6774C0}.Debug|x86.Build.0 = Debug|x86
		{64158698-9657-44B3-ABF6-B69DAB6774C0}.Demo|Any CPU.ActiveCfg = Demo|Any CPU
		{64158698-9657-44B3-ABF6-B69DAB6774C0}.Demo|Any CPU.Build.0 = Demo|Any CPU
		{64158698-9657-44B3-ABF6-B69DAB6774C0}.Demo|Mixed Platforms.ActiveCfg = Demo|x86
		{64158698-9657-44B3-ABF6-B69DAB6774C0}.Demo|Mixed Platforms.Build.0 = Demo|x86
		{64158698-9657-44B3-ABF6-B69DAB6774C0}.Demo|x64.ActiveCfg = Demo|x64
		{64158698-9657-44B3-ABF6-B69DAB6774C0}.Demo|x64.Build.0 = Demo|x64
		{64158698-9657-44B3-ABF6-B69DAB6774C0}.Demo|x86.ActiveCfg = Demo|x86
		{64158698-9657-44B3-ABF6-B69DAB6774C0}.Demo|x86.Build.0 = Demo|x86
		{64158698-9657-44B3-ABF6-B69DAB6774C0}.Dev2|Any CPU.ActiveCfg = Develop|x86
		{64158698-9657-44B3-ABF6-B69DAB6774C0}.Dev2|Mixed Platforms.ActiveCfg = Develop|x86
		{64158698-9657-44B3-ABF6-B69DAB6774C0}.Dev2|Mixed Platforms.Build.0 = Develop|x86
		{64158698-9657-44B3-ABF6-B69DAB6774C0}.Dev2|x64.ActiveCfg = Develop|x86
		{64158698-9657-44B3-ABF6-B69DAB6774C0}.Dev2|x86.ActiveCfg = Develop|x86
		{64158698-9657-44B3-ABF6-B69DAB6774C0}.Dev2|x86.Build.0 = Develop|x86
		{64158698-9657-44B3-ABF6-B69DAB6774C0}.Dev4|Any CPU.ActiveCfg = Develop|x86
		{64158698-9657-44B3-ABF6-B69DAB6774C0}.Dev4|Mixed Platforms.ActiveCfg = Develop|x86
		{64158698-9657-44B3-ABF6-B69DAB6774C0}.Dev4|Mixed Platforms.Build.0 = Develop|x86
		{64158698-9657-44B3-ABF6-B69DAB6774C0}.Dev4|x64.ActiveCfg = Develop|x86
		{64158698-9657-44B3-ABF6-B69DAB6774C0}.Dev4|x86.ActiveCfg = Develop|x86
		{64158698-9657-44B3-ABF6-B69DAB6774C0}.Dev4|x86.Build.0 = Develop|x86
		{64158698-9657-44B3-ABF6-B69DAB6774C0}.Develop|Any CPU.ActiveCfg = Develop|Any CPU
		{64158698-9657-44B3-ABF6-B69DAB6774C0}.Develop|Any CPU.Build.0 = Develop|Any CPU
		{64158698-9657-44B3-ABF6-B69DAB6774C0}.Develop|Mixed Platforms.ActiveCfg = Develop|x86
		{64158698-9657-44B3-ABF6-B69DAB6774C0}.Develop|Mixed Platforms.Build.0 = Develop|x86
		{64158698-9657-44B3-ABF6-B69DAB6774C0}.Develop|x64.ActiveCfg = Develop|x64
		{64158698-9657-44B3-ABF6-B69DAB6774C0}.Develop|x64.Build.0 = Develop|x64
		{64158698-9657-44B3-ABF6-B69DAB6774C0}.Develop|x86.ActiveCfg = Develop|x86
		{64158698-9657-44B3-ABF6-B69DAB6774C0}.Develop|x86.Build.0 = Develop|x86
		{64158698-9657-44B3-ABF6-B69DAB6774C0}.Release|Any CPU.ActiveCfg = Release|Any CPU
		{64158698-9657-44B3-ABF6-B69DAB6774C0}.Release|Any CPU.Build.0 = Release|Any CPU
		{64158698-9657-44B3-ABF6-B69DAB6774C0}.Release|Mixed Platforms.ActiveCfg = Release|x86
		{64158698-9657-44B3-ABF6-B69DAB6774C0}.Release|Mixed Platforms.Build.0 = Release|x86
		{64158698-9657-44B3-ABF6-B69DAB6774C0}.Release|x64.ActiveCfg = Release|x64
		{64158698-9657-44B3-ABF6-B69DAB6774C0}.Release|x64.Build.0 = Release|x64
		{64158698-9657-44B3-ABF6-B69DAB6774C0}.Release|x86.ActiveCfg = Release|x86
		{64158698-9657-44B3-ABF6-B69DAB6774C0}.Release|x86.Build.0 = Release|x86
		{64158698-9657-44B3-ABF6-B69DAB6774C0}.Staging|Any CPU.ActiveCfg = Staging|Any CPU
		{64158698-9657-44B3-ABF6-B69DAB6774C0}.Staging|Any CPU.Build.0 = Staging|Any CPU
		{64158698-9657-44B3-ABF6-B69DAB6774C0}.Staging|Mixed Platforms.ActiveCfg = Staging|x86
		{64158698-9657-44B3-ABF6-B69DAB6774C0}.Staging|Mixed Platforms.Build.0 = Staging|x86
		{64158698-9657-44B3-ABF6-B69DAB6774C0}.Staging|x64.ActiveCfg = Staging|x64
		{64158698-9657-44B3-ABF6-B69DAB6774C0}.Staging|x64.Build.0 = Staging|x64
		{64158698-9657-44B3-ABF6-B69DAB6774C0}.Staging|x86.ActiveCfg = Staging|x86
		{64158698-9657-44B3-ABF6-B69DAB6774C0}.Staging|x86.Build.0 = Staging|x86
		{0E6AC892-4ABD-40EC-A08B-8413303526E9}.Debug|Any CPU.ActiveCfg = Debug|Any CPU
		{0E6AC892-4ABD-40EC-A08B-8413303526E9}.Debug|Any CPU.Build.0 = Debug|Any CPU
		{0E6AC892-4ABD-40EC-A08B-8413303526E9}.Debug|Mixed Platforms.ActiveCfg = Debug|x86
		{0E6AC892-4ABD-40EC-A08B-8413303526E9}.Debug|Mixed Platforms.Build.0 = Debug|x86
		{0E6AC892-4ABD-40EC-A08B-8413303526E9}.Debug|x64.ActiveCfg = Debug|x86
		{0E6AC892-4ABD-40EC-A08B-8413303526E9}.Debug|x86.ActiveCfg = Debug|x86
		{0E6AC892-4ABD-40EC-A08B-8413303526E9}.Debug|x86.Build.0 = Debug|x86
		{0E6AC892-4ABD-40EC-A08B-8413303526E9}.Demo|Any CPU.ActiveCfg = Demo|Any CPU
		{0E6AC892-4ABD-40EC-A08B-8413303526E9}.Demo|Any CPU.Build.0 = Demo|Any CPU
		{0E6AC892-4ABD-40EC-A08B-8413303526E9}.Demo|Mixed Platforms.ActiveCfg = Demo|x86
		{0E6AC892-4ABD-40EC-A08B-8413303526E9}.Demo|Mixed Platforms.Build.0 = Demo|x86
		{0E6AC892-4ABD-40EC-A08B-8413303526E9}.Demo|x64.ActiveCfg = Demo|x86
		{0E6AC892-4ABD-40EC-A08B-8413303526E9}.Demo|x86.ActiveCfg = Demo|x86
		{0E6AC892-4ABD-40EC-A08B-8413303526E9}.Demo|x86.Build.0 = Demo|x86
		{0E6AC892-4ABD-40EC-A08B-8413303526E9}.Dev2|Any CPU.ActiveCfg = Demo|x86
		{0E6AC892-4ABD-40EC-A08B-8413303526E9}.Dev2|Mixed Platforms.ActiveCfg = Demo|x86
		{0E6AC892-4ABD-40EC-A08B-8413303526E9}.Dev2|Mixed Platforms.Build.0 = Demo|x86
		{0E6AC892-4ABD-40EC-A08B-8413303526E9}.Dev2|x64.ActiveCfg = Demo|x86
		{0E6AC892-4ABD-40EC-A08B-8413303526E9}.Dev2|x86.ActiveCfg = Demo|x86
		{0E6AC892-4ABD-40EC-A08B-8413303526E9}.Dev2|x86.Build.0 = Demo|x86
		{0E6AC892-4ABD-40EC-A08B-8413303526E9}.Dev4|Any CPU.ActiveCfg = Demo|x86
		{0E6AC892-4ABD-40EC-A08B-8413303526E9}.Dev4|Mixed Platforms.ActiveCfg = Demo|x86
		{0E6AC892-4ABD-40EC-A08B-8413303526E9}.Dev4|Mixed Platforms.Build.0 = Demo|x86
		{0E6AC892-4ABD-40EC-A08B-8413303526E9}.Dev4|x64.ActiveCfg = Demo|x86
		{0E6AC892-4ABD-40EC-A08B-8413303526E9}.Dev4|x86.ActiveCfg = Demo|x86
		{0E6AC892-4ABD-40EC-A08B-8413303526E9}.Dev4|x86.Build.0 = Demo|x86
		{0E6AC892-4ABD-40EC-A08B-8413303526E9}.Develop|Any CPU.ActiveCfg = Demo|x86
		{0E6AC892-4ABD-40EC-A08B-8413303526E9}.Develop|Mixed Platforms.ActiveCfg = Demo|x86
		{0E6AC892-4ABD-40EC-A08B-8413303526E9}.Develop|Mixed Platforms.Build.0 = Demo|x86
		{0E6AC892-4ABD-40EC-A08B-8413303526E9}.Develop|x64.ActiveCfg = Demo|x86
		{0E6AC892-4ABD-40EC-A08B-8413303526E9}.Develop|x86.ActiveCfg = Demo|x86
		{0E6AC892-4ABD-40EC-A08B-8413303526E9}.Develop|x86.Build.0 = Demo|x86
		{0E6AC892-4ABD-40EC-A08B-8413303526E9}.Release|Any CPU.ActiveCfg = Release|Any CPU
		{0E6AC892-4ABD-40EC-A08B-8413303526E9}.Release|Any CPU.Build.0 = Release|Any CPU
		{0E6AC892-4ABD-40EC-A08B-8413303526E9}.Release|Mixed Platforms.ActiveCfg = Release|x86
		{0E6AC892-4ABD-40EC-A08B-8413303526E9}.Release|Mixed Platforms.Build.0 = Release|x86
		{0E6AC892-4ABD-40EC-A08B-8413303526E9}.Release|x64.ActiveCfg = Release|x86
		{0E6AC892-4ABD-40EC-A08B-8413303526E9}.Release|x86.ActiveCfg = Release|x86
		{0E6AC892-4ABD-40EC-A08B-8413303526E9}.Release|x86.Build.0 = Release|x86
		{0E6AC892-4ABD-40EC-A08B-8413303526E9}.Staging|Any CPU.ActiveCfg = Staging|Any CPU
		{0E6AC892-4ABD-40EC-A08B-8413303526E9}.Staging|Any CPU.Build.0 = Staging|Any CPU
		{0E6AC892-4ABD-40EC-A08B-8413303526E9}.Staging|Mixed Platforms.ActiveCfg = Staging|x86
		{0E6AC892-4ABD-40EC-A08B-8413303526E9}.Staging|Mixed Platforms.Build.0 = Staging|x86
		{0E6AC892-4ABD-40EC-A08B-8413303526E9}.Staging|x64.ActiveCfg = Staging|x86
		{0E6AC892-4ABD-40EC-A08B-8413303526E9}.Staging|x86.ActiveCfg = Staging|x86
		{0E6AC892-4ABD-40EC-A08B-8413303526E9}.Staging|x86.Build.0 = Staging|x86
		{BB5E684D-D75B-468B-A450-049A2F348A4D}.Debug|Any CPU.ActiveCfg = Debug|Any CPU
		{BB5E684D-D75B-468B-A450-049A2F348A4D}.Debug|Any CPU.Build.0 = Debug|Any CPU
		{BB5E684D-D75B-468B-A450-049A2F348A4D}.Debug|Mixed Platforms.ActiveCfg = Debug|x86
		{BB5E684D-D75B-468B-A450-049A2F348A4D}.Debug|Mixed Platforms.Build.0 = Debug|x86
		{BB5E684D-D75B-468B-A450-049A2F348A4D}.Debug|x64.ActiveCfg = Debug|x86
		{BB5E684D-D75B-468B-A450-049A2F348A4D}.Debug|x86.ActiveCfg = Debug|x86
		{BB5E684D-D75B-468B-A450-049A2F348A4D}.Debug|x86.Build.0 = Debug|x86
		{BB5E684D-D75B-468B-A450-049A2F348A4D}.Demo|Any CPU.ActiveCfg = Demo|Any CPU
		{BB5E684D-D75B-468B-A450-049A2F348A4D}.Demo|Any CPU.Build.0 = Demo|Any CPU
		{BB5E684D-D75B-468B-A450-049A2F348A4D}.Demo|Mixed Platforms.ActiveCfg = Demo|x86
		{BB5E684D-D75B-468B-A450-049A2F348A4D}.Demo|Mixed Platforms.Build.0 = Demo|x86
		{BB5E684D-D75B-468B-A450-049A2F348A4D}.Demo|x64.ActiveCfg = Demo|x86
		{BB5E684D-D75B-468B-A450-049A2F348A4D}.Demo|x86.ActiveCfg = Demo|x86
		{BB5E684D-D75B-468B-A450-049A2F348A4D}.Demo|x86.Build.0 = Demo|x86
		{BB5E684D-D75B-468B-A450-049A2F348A4D}.Dev2|Any CPU.ActiveCfg = Demo|x86
		{BB5E684D-D75B-468B-A450-049A2F348A4D}.Dev2|Mixed Platforms.ActiveCfg = Demo|x86
		{BB5E684D-D75B-468B-A450-049A2F348A4D}.Dev2|Mixed Platforms.Build.0 = Demo|x86
		{BB5E684D-D75B-468B-A450-049A2F348A4D}.Dev2|x64.ActiveCfg = Demo|x86
		{BB5E684D-D75B-468B-A450-049A2F348A4D}.Dev2|x86.ActiveCfg = Demo|x86
		{BB5E684D-D75B-468B-A450-049A2F348A4D}.Dev2|x86.Build.0 = Demo|x86
		{BB5E684D-D75B-468B-A450-049A2F348A4D}.Dev4|Any CPU.ActiveCfg = Demo|x86
		{BB5E684D-D75B-468B-A450-049A2F348A4D}.Dev4|Mixed Platforms.ActiveCfg = Demo|x86
		{BB5E684D-D75B-468B-A450-049A2F348A4D}.Dev4|Mixed Platforms.Build.0 = Demo|x86
		{BB5E684D-D75B-468B-A450-049A2F348A4D}.Dev4|x64.ActiveCfg = Demo|x86
		{BB5E684D-D75B-468B-A450-049A2F348A4D}.Dev4|x86.ActiveCfg = Demo|x86
		{BB5E684D-D75B-468B-A450-049A2F348A4D}.Dev4|x86.Build.0 = Demo|x86
		{BB5E684D-D75B-468B-A450-049A2F348A4D}.Develop|Any CPU.ActiveCfg = Demo|x86
		{BB5E684D-D75B-468B-A450-049A2F348A4D}.Develop|Mixed Platforms.ActiveCfg = Demo|x86
		{BB5E684D-D75B-468B-A450-049A2F348A4D}.Develop|Mixed Platforms.Build.0 = Demo|x86
		{BB5E684D-D75B-468B-A450-049A2F348A4D}.Develop|x64.ActiveCfg = Demo|x86
		{BB5E684D-D75B-468B-A450-049A2F348A4D}.Develop|x86.ActiveCfg = Demo|x86
		{BB5E684D-D75B-468B-A450-049A2F348A4D}.Develop|x86.Build.0 = Demo|x86
		{BB5E684D-D75B-468B-A450-049A2F348A4D}.Release|Any CPU.ActiveCfg = Release|Any CPU
		{BB5E684D-D75B-468B-A450-049A2F348A4D}.Release|Any CPU.Build.0 = Release|Any CPU
		{BB5E684D-D75B-468B-A450-049A2F348A4D}.Release|Mixed Platforms.ActiveCfg = Release|x86
		{BB5E684D-D75B-468B-A450-049A2F348A4D}.Release|Mixed Platforms.Build.0 = Release|x86
		{BB5E684D-D75B-468B-A450-049A2F348A4D}.Release|x64.ActiveCfg = Release|x86
		{BB5E684D-D75B-468B-A450-049A2F348A4D}.Release|x86.ActiveCfg = Release|x86
		{BB5E684D-D75B-468B-A450-049A2F348A4D}.Release|x86.Build.0 = Release|x86
		{BB5E684D-D75B-468B-A450-049A2F348A4D}.Staging|Any CPU.ActiveCfg = Staging|Any CPU
		{BB5E684D-D75B-468B-A450-049A2F348A4D}.Staging|Any CPU.Build.0 = Staging|Any CPU
		{BB5E684D-D75B-468B-A450-049A2F348A4D}.Staging|Mixed Platforms.ActiveCfg = Staging|x86
		{BB5E684D-D75B-468B-A450-049A2F348A4D}.Staging|Mixed Platforms.Build.0 = Staging|x86
		{BB5E684D-D75B-468B-A450-049A2F348A4D}.Staging|x64.ActiveCfg = Staging|x86
		{BB5E684D-D75B-468B-A450-049A2F348A4D}.Staging|x86.ActiveCfg = Staging|x86
		{BB5E684D-D75B-468B-A450-049A2F348A4D}.Staging|x86.Build.0 = Staging|x86
		{415C60B4-4A22-4E61-8854-201580A4974C}.Debug|Any CPU.ActiveCfg = Debug|Any CPU
		{415C60B4-4A22-4E61-8854-201580A4974C}.Debug|Any CPU.Build.0 = Debug|Any CPU
		{415C60B4-4A22-4E61-8854-201580A4974C}.Debug|Mixed Platforms.ActiveCfg = Debug|x86
		{415C60B4-4A22-4E61-8854-201580A4974C}.Debug|Mixed Platforms.Build.0 = Debug|x86
		{415C60B4-4A22-4E61-8854-201580A4974C}.Debug|x64.ActiveCfg = Debug|x86
		{415C60B4-4A22-4E61-8854-201580A4974C}.Debug|x86.ActiveCfg = Debug|x86
		{415C60B4-4A22-4E61-8854-201580A4974C}.Debug|x86.Build.0 = Debug|x86
		{415C60B4-4A22-4E61-8854-201580A4974C}.Demo|Any CPU.ActiveCfg = Demo|Any CPU
		{415C60B4-4A22-4E61-8854-201580A4974C}.Demo|Any CPU.Build.0 = Demo|Any CPU
		{415C60B4-4A22-4E61-8854-201580A4974C}.Demo|Mixed Platforms.ActiveCfg = Demo|x86
		{415C60B4-4A22-4E61-8854-201580A4974C}.Demo|Mixed Platforms.Build.0 = Demo|x86
		{415C60B4-4A22-4E61-8854-201580A4974C}.Demo|x64.ActiveCfg = Demo|x86
		{415C60B4-4A22-4E61-8854-201580A4974C}.Demo|x86.ActiveCfg = Demo|x86
		{415C60B4-4A22-4E61-8854-201580A4974C}.Demo|x86.Build.0 = Demo|x86
		{415C60B4-4A22-4E61-8854-201580A4974C}.Dev2|Any CPU.ActiveCfg = Demo|x86
		{415C60B4-4A22-4E61-8854-201580A4974C}.Dev2|Mixed Platforms.ActiveCfg = Demo|x86
		{415C60B4-4A22-4E61-8854-201580A4974C}.Dev2|Mixed Platforms.Build.0 = Demo|x86
		{415C60B4-4A22-4E61-8854-201580A4974C}.Dev2|x64.ActiveCfg = Demo|x86
		{415C60B4-4A22-4E61-8854-201580A4974C}.Dev2|x86.ActiveCfg = Demo|x86
		{415C60B4-4A22-4E61-8854-201580A4974C}.Dev2|x86.Build.0 = Demo|x86
		{415C60B4-4A22-4E61-8854-201580A4974C}.Dev4|Any CPU.ActiveCfg = Demo|x86
		{415C60B4-4A22-4E61-8854-201580A4974C}.Dev4|Mixed Platforms.ActiveCfg = Demo|x86
		{415C60B4-4A22-4E61-8854-201580A4974C}.Dev4|Mixed Platforms.Build.0 = Demo|x86
		{415C60B4-4A22-4E61-8854-201580A4974C}.Dev4|x64.ActiveCfg = Demo|x86
		{415C60B4-4A22-4E61-8854-201580A4974C}.Dev4|x86.ActiveCfg = Demo|x86
		{415C60B4-4A22-4E61-8854-201580A4974C}.Dev4|x86.Build.0 = Demo|x86
		{415C60B4-4A22-4E61-8854-201580A4974C}.Develop|Any CPU.ActiveCfg = Demo|x86
		{415C60B4-4A22-4E61-8854-201580A4974C}.Develop|Mixed Platforms.ActiveCfg = Demo|x86
		{415C60B4-4A22-4E61-8854-201580A4974C}.Develop|Mixed Platforms.Build.0 = Demo|x86
		{415C60B4-4A22-4E61-8854-201580A4974C}.Develop|x64.ActiveCfg = Demo|x86
		{415C60B4-4A22-4E61-8854-201580A4974C}.Develop|x86.ActiveCfg = Demo|x86
		{415C60B4-4A22-4E61-8854-201580A4974C}.Develop|x86.Build.0 = Demo|x86
		{415C60B4-4A22-4E61-8854-201580A4974C}.Release|Any CPU.ActiveCfg = Release|Any CPU
		{415C60B4-4A22-4E61-8854-201580A4974C}.Release|Any CPU.Build.0 = Release|Any CPU
		{415C60B4-4A22-4E61-8854-201580A4974C}.Release|Mixed Platforms.ActiveCfg = Release|x86
		{415C60B4-4A22-4E61-8854-201580A4974C}.Release|Mixed Platforms.Build.0 = Release|x86
		{415C60B4-4A22-4E61-8854-201580A4974C}.Release|x64.ActiveCfg = Release|x86
		{415C60B4-4A22-4E61-8854-201580A4974C}.Release|x86.ActiveCfg = Release|x86
		{415C60B4-4A22-4E61-8854-201580A4974C}.Release|x86.Build.0 = Release|x86
		{415C60B4-4A22-4E61-8854-201580A4974C}.Staging|Any CPU.ActiveCfg = Staging|Any CPU
		{415C60B4-4A22-4E61-8854-201580A4974C}.Staging|Any CPU.Build.0 = Staging|Any CPU
		{415C60B4-4A22-4E61-8854-201580A4974C}.Staging|Mixed Platforms.ActiveCfg = Staging|x86
		{415C60B4-4A22-4E61-8854-201580A4974C}.Staging|Mixed Platforms.Build.0 = Staging|x86
		{415C60B4-4A22-4E61-8854-201580A4974C}.Staging|x64.ActiveCfg = Staging|x86
		{415C60B4-4A22-4E61-8854-201580A4974C}.Staging|x86.ActiveCfg = Staging|x86
		{415C60B4-4A22-4E61-8854-201580A4974C}.Staging|x86.Build.0 = Staging|x86
		{C6F205BE-C015-44D0-8E30-39488205FFD8}.Debug|Any CPU.ActiveCfg = Debug|Any CPU
		{C6F205BE-C015-44D0-8E30-39488205FFD8}.Debug|Any CPU.Build.0 = Debug|Any CPU
		{C6F205BE-C015-44D0-8E30-39488205FFD8}.Debug|Mixed Platforms.ActiveCfg = Debug|x86
		{C6F205BE-C015-44D0-8E30-39488205FFD8}.Debug|Mixed Platforms.Build.0 = Debug|x86
		{C6F205BE-C015-44D0-8E30-39488205FFD8}.Debug|x64.ActiveCfg = Debug|x64
		{C6F205BE-C015-44D0-8E30-39488205FFD8}.Debug|x64.Build.0 = Debug|x64
		{C6F205BE-C015-44D0-8E30-39488205FFD8}.Debug|x86.ActiveCfg = Debug|x86
		{C6F205BE-C015-44D0-8E30-39488205FFD8}.Debug|x86.Build.0 = Debug|x86
		{C6F205BE-C015-44D0-8E30-39488205FFD8}.Demo|Any CPU.ActiveCfg = Demo|Any CPU
		{C6F205BE-C015-44D0-8E30-39488205FFD8}.Demo|Any CPU.Build.0 = Demo|Any CPU
		{C6F205BE-C015-44D0-8E30-39488205FFD8}.Demo|Mixed Platforms.ActiveCfg = Demo|x86
		{C6F205BE-C015-44D0-8E30-39488205FFD8}.Demo|Mixed Platforms.Build.0 = Demo|x86
		{C6F205BE-C015-44D0-8E30-39488205FFD8}.Demo|x64.ActiveCfg = Demo|x64
		{C6F205BE-C015-44D0-8E30-39488205FFD8}.Demo|x64.Build.0 = Demo|x64
		{C6F205BE-C015-44D0-8E30-39488205FFD8}.Demo|x86.ActiveCfg = Demo|x86
		{C6F205BE-C015-44D0-8E30-39488205FFD8}.Demo|x86.Build.0 = Demo|x86
		{C6F205BE-C015-44D0-8E30-39488205FFD8}.Dev2|Any CPU.ActiveCfg = Dev4|x86
		{C6F205BE-C015-44D0-8E30-39488205FFD8}.Dev2|Mixed Platforms.ActiveCfg = Dev4|x86
		{C6F205BE-C015-44D0-8E30-39488205FFD8}.Dev2|Mixed Platforms.Build.0 = Dev4|x86
		{C6F205BE-C015-44D0-8E30-39488205FFD8}.Dev2|x64.ActiveCfg = Dev4|x86
		{C6F205BE-C015-44D0-8E30-39488205FFD8}.Dev2|x86.ActiveCfg = Dev4|x86
		{C6F205BE-C015-44D0-8E30-39488205FFD8}.Dev2|x86.Build.0 = Dev4|x86
		{C6F205BE-C015-44D0-8E30-39488205FFD8}.Dev4|Any CPU.ActiveCfg = Dev4|Any CPU
		{C6F205BE-C015-44D0-8E30-39488205FFD8}.Dev4|Any CPU.Build.0 = Dev4|Any CPU
		{C6F205BE-C015-44D0-8E30-39488205FFD8}.Dev4|Mixed Platforms.ActiveCfg = Dev4|x86
		{C6F205BE-C015-44D0-8E30-39488205FFD8}.Dev4|Mixed Platforms.Build.0 = Dev4|x86
		{C6F205BE-C015-44D0-8E30-39488205FFD8}.Dev4|x64.ActiveCfg = Dev4|x64
		{C6F205BE-C015-44D0-8E30-39488205FFD8}.Dev4|x64.Build.0 = Dev4|x64
		{C6F205BE-C015-44D0-8E30-39488205FFD8}.Dev4|x86.ActiveCfg = Dev4|x86
		{C6F205BE-C015-44D0-8E30-39488205FFD8}.Dev4|x86.Build.0 = Dev4|x86
		{C6F205BE-C015-44D0-8E30-39488205FFD8}.Develop|Any CPU.ActiveCfg = Dev4|x86
		{C6F205BE-C015-44D0-8E30-39488205FFD8}.Develop|Mixed Platforms.ActiveCfg = Dev4|x86
		{C6F205BE-C015-44D0-8E30-39488205FFD8}.Develop|Mixed Platforms.Build.0 = Dev4|x86
		{C6F205BE-C015-44D0-8E30-39488205FFD8}.Develop|x64.ActiveCfg = Dev4|x86
		{C6F205BE-C015-44D0-8E30-39488205FFD8}.Develop|x86.ActiveCfg = Dev4|x86
		{C6F205BE-C015-44D0-8E30-39488205FFD8}.Develop|x86.Build.0 = Dev4|x86
		{C6F205BE-C015-44D0-8E30-39488205FFD8}.Release|Any CPU.ActiveCfg = Release|Any CPU
		{C6F205BE-C015-44D0-8E30-39488205FFD8}.Release|Any CPU.Build.0 = Release|Any CPU
		{C6F205BE-C015-44D0-8E30-39488205FFD8}.Release|Mixed Platforms.ActiveCfg = Release|x86
		{C6F205BE-C015-44D0-8E30-39488205FFD8}.Release|Mixed Platforms.Build.0 = Release|x86
		{C6F205BE-C015-44D0-8E30-39488205FFD8}.Release|x64.ActiveCfg = Release|x64
		{C6F205BE-C015-44D0-8E30-39488205FFD8}.Release|x64.Build.0 = Release|x64
		{C6F205BE-C015-44D0-8E30-39488205FFD8}.Release|x86.ActiveCfg = Release|x86
		{C6F205BE-C015-44D0-8E30-39488205FFD8}.Release|x86.Build.0 = Release|x86
		{C6F205BE-C015-44D0-8E30-39488205FFD8}.Staging|Any CPU.ActiveCfg = Staging|Any CPU
		{C6F205BE-C015-44D0-8E30-39488205FFD8}.Staging|Any CPU.Build.0 = Staging|Any CPU
		{C6F205BE-C015-44D0-8E30-39488205FFD8}.Staging|Mixed Platforms.ActiveCfg = Staging|x86
		{C6F205BE-C015-44D0-8E30-39488205FFD8}.Staging|Mixed Platforms.Build.0 = Staging|x86
		{C6F205BE-C015-44D0-8E30-39488205FFD8}.Staging|x64.ActiveCfg = Staging|x64
		{C6F205BE-C015-44D0-8E30-39488205FFD8}.Staging|x64.Build.0 = Staging|x64
		{C6F205BE-C015-44D0-8E30-39488205FFD8}.Staging|x86.ActiveCfg = Staging|x86
		{C6F205BE-C015-44D0-8E30-39488205FFD8}.Staging|x86.Build.0 = Staging|x86
		{90F88AE3-E1A5-4386-9B78-AF718298658C}.Debug|Any CPU.ActiveCfg = Debug|Any CPU
		{90F88AE3-E1A5-4386-9B78-AF718298658C}.Debug|Any CPU.Build.0 = Debug|Any CPU
		{90F88AE3-E1A5-4386-9B78-AF718298658C}.Debug|Mixed Platforms.ActiveCfg = Debug|Any CPU
		{90F88AE3-E1A5-4386-9B78-AF718298658C}.Debug|Mixed Platforms.Build.0 = Debug|Any CPU
		{90F88AE3-E1A5-4386-9B78-AF718298658C}.Debug|x64.ActiveCfg = Debug|Any CPU
		{90F88AE3-E1A5-4386-9B78-AF718298658C}.Debug|x86.ActiveCfg = Debug|Any CPU
		{90F88AE3-E1A5-4386-9B78-AF718298658C}.Demo|Any CPU.ActiveCfg = Demo|Any CPU
		{90F88AE3-E1A5-4386-9B78-AF718298658C}.Demo|Any CPU.Build.0 = Demo|Any CPU
		{90F88AE3-E1A5-4386-9B78-AF718298658C}.Demo|Mixed Platforms.ActiveCfg = Demo|Any CPU
		{90F88AE3-E1A5-4386-9B78-AF718298658C}.Demo|Mixed Platforms.Build.0 = Demo|Any CPU
		{90F88AE3-E1A5-4386-9B78-AF718298658C}.Demo|x64.ActiveCfg = Demo|Any CPU
		{90F88AE3-E1A5-4386-9B78-AF718298658C}.Demo|x86.ActiveCfg = Demo|Any CPU
		{90F88AE3-E1A5-4386-9B78-AF718298658C}.Dev2|Any CPU.ActiveCfg = Demo|Any CPU
		{90F88AE3-E1A5-4386-9B78-AF718298658C}.Dev2|Any CPU.Build.0 = Demo|Any CPU
		{90F88AE3-E1A5-4386-9B78-AF718298658C}.Dev2|Mixed Platforms.ActiveCfg = Demo|Any CPU
		{90F88AE3-E1A5-4386-9B78-AF718298658C}.Dev2|Mixed Platforms.Build.0 = Demo|Any CPU
		{90F88AE3-E1A5-4386-9B78-AF718298658C}.Dev2|x64.ActiveCfg = Demo|Any CPU
		{90F88AE3-E1A5-4386-9B78-AF718298658C}.Dev2|x86.ActiveCfg = Demo|Any CPU
		{90F88AE3-E1A5-4386-9B78-AF718298658C}.Dev4|Any CPU.ActiveCfg = Demo|Any CPU
		{90F88AE3-E1A5-4386-9B78-AF718298658C}.Dev4|Any CPU.Build.0 = Demo|Any CPU
		{90F88AE3-E1A5-4386-9B78-AF718298658C}.Dev4|Mixed Platforms.ActiveCfg = Demo|Any CPU
		{90F88AE3-E1A5-4386-9B78-AF718298658C}.Dev4|Mixed Platforms.Build.0 = Demo|Any CPU
		{90F88AE3-E1A5-4386-9B78-AF718298658C}.Dev4|x64.ActiveCfg = Demo|Any CPU
		{90F88AE3-E1A5-4386-9B78-AF718298658C}.Dev4|x86.ActiveCfg = Demo|Any CPU
		{90F88AE3-E1A5-4386-9B78-AF718298658C}.Develop|Any CPU.ActiveCfg = Demo|Any CPU
		{90F88AE3-E1A5-4386-9B78-AF718298658C}.Develop|Any CPU.Build.0 = Demo|Any CPU
		{90F88AE3-E1A5-4386-9B78-AF718298658C}.Develop|Mixed Platforms.ActiveCfg = Demo|Any CPU
		{90F88AE3-E1A5-4386-9B78-AF718298658C}.Develop|Mixed Platforms.Build.0 = Demo|Any CPU
		{90F88AE3-E1A5-4386-9B78-AF718298658C}.Develop|x64.ActiveCfg = Demo|Any CPU
		{90F88AE3-E1A5-4386-9B78-AF718298658C}.Develop|x86.ActiveCfg = Demo|Any CPU
		{90F88AE3-E1A5-4386-9B78-AF718298658C}.Release|Any CPU.ActiveCfg = Release|Any CPU
		{90F88AE3-E1A5-4386-9B78-AF718298658C}.Release|Any CPU.Build.0 = Release|Any CPU
		{90F88AE3-E1A5-4386-9B78-AF718298658C}.Release|Mixed Platforms.ActiveCfg = Release|Any CPU
		{90F88AE3-E1A5-4386-9B78-AF718298658C}.Release|Mixed Platforms.Build.0 = Release|Any CPU
		{90F88AE3-E1A5-4386-9B78-AF718298658C}.Release|x64.ActiveCfg = Release|Any CPU
		{90F88AE3-E1A5-4386-9B78-AF718298658C}.Release|x86.ActiveCfg = Release|Any CPU
		{90F88AE3-E1A5-4386-9B78-AF718298658C}.Staging|Any CPU.ActiveCfg = Staging|Any CPU
		{90F88AE3-E1A5-4386-9B78-AF718298658C}.Staging|Any CPU.Build.0 = Staging|Any CPU
		{90F88AE3-E1A5-4386-9B78-AF718298658C}.Staging|Mixed Platforms.ActiveCfg = Staging|Any CPU
		{90F88AE3-E1A5-4386-9B78-AF718298658C}.Staging|Mixed Platforms.Build.0 = Staging|Any CPU
		{90F88AE3-E1A5-4386-9B78-AF718298658C}.Staging|x64.ActiveCfg = Staging|Any CPU
		{90F88AE3-E1A5-4386-9B78-AF718298658C}.Staging|x86.ActiveCfg = Staging|Any CPU
	EndGlobalSection
	GlobalSection(SolutionProperties) = preSolution
		HideSolutionNode = FALSE
	EndGlobalSection
EndGlobal
